# This file was autogenerated by Stack.
# You should not edit this file by hand.
# For more information, please see the documentation at:
#   https://docs.haskellstack.org/en/stable/topics/lock_files

packages:
- completed:
    commit: 6d5e7aabb14120a3ae7d74a1dee954a237a3c421
    git: https://github.com/axionbuster/th-serde.git
    name: th-serde
    pantry-tree:
      sha256: 8dda827bc460dfac45e7624fb3f11800df6cdb7e3a57063e1a0c84abaa8a1323
      size: 989
    version: 0.1.3.0
  original:
    commit: 6d5e7aabb14120a3ae7d74a1dee954a237a3c421
    git: https://github.com/axionbuster/th-serde.git
snapshots:
- completed:
    sha256: dd89d2322cb5af74c6ab9d96c0c5f6c8e6653e0c991d619b4bb141a49cb98668
    size: 679282
    url: https://raw.githubusercontent.com/commercialhaskell/stackage-snapshots/master/lts/23/3.yaml
  original:
    url: https://raw.githubusercontent.com/commercialhaskell/stackage-snapshots/master/lts/23/3.yaml
