# This file was autogenerated by Stack.
# You should not edit this file by hand.
# For more information, please see the documentation at:
#   https://docs.haskellstack.org/en/stable/topics/lock_files

packages:
- completed:
    commit: c22d09aec7870fac30f73f87e71d1a9e23a7c777
    git: https://github.com/axionbuster/th-serde.git
    name: th-serde
    pantry-tree:
      sha256: a4572d18b1907d9a57ddea7e91406fcecd1ed678ef1f8d905567b61bd55b96bd
      size: 989
    version: 0.1.2.2
  original:
    commit: c22d09aec7870fac30f73f87e71d1a9e23a7c777
    git: https://github.com/axionbuster/th-serde.git
- completed:
    commit: d534b85bfac8b27efd96fab1838628e08a8aa163
    git: https://github.com/axionbuster/varcomp.git
    name: varcomp
    pantry-tree:
      sha256: a5f54cefe26c52f9ed6f51beaae33e7072343b8996aeb7d9f10483e43eb453d7
      size: 594
    version: 0.1.0.0
  original:
    commit: d534b85bfac8b27efd96fab1838628e08a8aa163
    git: https://github.com/axionbuster/varcomp.git
snapshots:
- completed:
    sha256: dd89d2322cb5af74c6ab9d96c0c5f6c8e6653e0c991d619b4bb141a49cb98668
    size: 679282
    url: https://raw.githubusercontent.com/commercialhaskell/stackage-snapshots/master/lts/23/3.yaml
  original:
    url: https://raw.githubusercontent.com/commercialhaskell/stackage-snapshots/master/lts/23/3.yaml
